// !$*UTF8*$!
{
	archiveVersion = 1;
	classes = {
	};
	objectVersion = 46;
	objects = {

/* Begin PBXBuildFile section */
		372DB7AE1DF582B600047C2B /* AppDelegate.swift in Sources */ = {isa = PBXBuildFile; fileRef = 372DB7AD1DF582B600047C2B /* AppDelegate.swift */; };
		372DB7B01DF582B600047C2B /* ViewController.swift in Sources */ = {isa = PBXBuildFile; fileRef = 372DB7AF1DF582B600047C2B /* ViewController.swift */; };
		372DB7B31DF582B600047C2B /* Main.storyboard in Resources */ = {isa = PBXBuildFile; fileRef = 372DB7B11DF582B600047C2B /* Main.storyboard */; };
		372DB7B51DF582B600047C2B /* Assets.xcassets in Resources */ = {isa = PBXBuildFile; fileRef = 372DB7B41DF582B600047C2B /* Assets.xcassets */; };
		372DB7B81DF582B600047C2B /* LaunchScreen.storyboard in Resources */ = {isa = PBXBuildFile; fileRef = 372DB7B61DF582B600047C2B /* LaunchScreen.storyboard */; };
/* End PBXBuildFile section */

/* Begin PBXFileReference section */
		372DB7AA1DF582B600047C2B /* HexViewDemo.app */ = {isa = PBXFileReference; explicitFileType = wrapper.application; includeInIndex = 0; path = HexViewDemo.app; sourceTree = BUILT_PRODUCTS_DIR; };
		372DB7AD1DF582B600047C2B /* AppDelegate.swift */ = {isa = PBXFileReference; lastKnownFileType = sourcecode.swift; path = AppDelegate.swift; sourceTree = "<group>"; };
		372DB7AF1DF582B600047C2B /* ViewController.swift */ = {isa = PBXFileReference; lastKnownFileType = sourcecode.swift; path = ViewController.swift; sourceTree = "<group>"; };
		372DB7B21DF582B600047C2B /* Base */ = {isa = PBXFileReference; lastKnownFileType = file.storyboard; name = Base; path = Base.lproj/Main.storyboard; sourceTree = "<group>"; };
		372DB7B41DF582B600047C2B /* Assets.xcassets */ = {isa = PBXFileReference; lastKnownFileType = folder.assetcatalog; path = Assets.xcassets; sourceTree = "<group>"; };
		372DB7B71DF582B600047C2B /* Base */ = {isa = PBXFileReference; lastKnownFileType = file.storyboard; name = Base; path = Base.lproj/LaunchScreen.storyboard; sourceTree = "<group>"; };
		372DB7B91DF582B600047C2B /* Info.plist */ = {isa = PBXFileReference; lastKnownFileType = text.plist.xml; path = Info.plist; sourceTree = "<group>"; };
/* End PBXFileReference section */

/* Begin PBXFrameworksBuildPhase section */
		372DB7A71DF582B600047C2B /* Frameworks */ = {
			isa = PBXFrameworksBuildPhase;
			buildActionMask = 2147483647;
			files = (
			);
			runOnlyForDeploymentPostprocessing = 0;
		};
/* End PBXFrameworksBuildPhase section */

/* Begin PBXGroup section */
		372DB7A11DF582B500047C2B = {
			isa = PBXGroup;
			children = (
				372DB7AC1DF582B600047C2B /* HexViewDemo */,
				372DB7AB1DF582B600047C2B /* Products */,
			);
			sourceTree = "<group>";
		};
		372DB7AB1DF582B600047C2B /* Products */ = {
			isa = PBXGroup;
			children = (
				372DB7AA1DF582B600047C2B /* HexViewDemo.app */,
			);
			name = Products;
			sourceTree = "<group>";
		};
		372DB7AC1DF582B600047C2B /* HexViewDemo */ = {
			isa = PBXGroup;
			children = (
				372DB7AD1DF582B600047C2B /* AppDelegate.swift */,
				372DB7AF1DF582B600047C2B /* ViewController.swift */,
				372DB7B11DF582B600047C2B /* Main.storyboard */,
				372DB7B41DF582B600047C2B /* Assets.xcassets */,
				372DB7B61DF582B600047C2B /* LaunchScreen.storyboard */,
				372DB7B91DF582B600047C2B /* Info.plist */,
			);
			path = HexViewDemo;
			sourceTree = "<group>";
		};
/* End PBXGroup section */

/* Begin PBXNativeTarget section */
		372DB7A91DF582B600047C2B /* HexViewDemo */ = {
			isa = PBXNativeTarget;
			buildConfigurationList = 372DB7BC1DF582B600047C2B /* Build configuration list for PBXNativeTarget "HexViewDemo" */;
			buildPhases = (
				372DB7A61DF582B600047C2B /* Sources */,
				372DB7A71DF582B600047C2B /* Frameworks */,
				372DB7A81DF582B600047C2B /* Resources */,
			);
			buildRules = (
			);
			dependencies = (
			);
			name = HexViewDemo;
			productName = HexViewDemo;
			productReference = 372DB7AA1DF582B600047C2B /* HexViewDemo.app */;
			productType = "com.apple.product-type.application";
		};
/* End PBXNativeTarget section */

/* Begin PBXProject section */
		372DB7A21DF582B500047C2B /* Project object */ = {
			isa = PBXProject;
			attributes = {
				LastSwiftUpdateCheck = 0800;
				LastUpgradeCheck = 0800;
				ORGANIZATIONNAME = vrat28;
				TargetAttributes = {
					372DB7A91DF582B600047C2B = {
						CreatedOnToolsVersion = 8.0;
						DevelopmentTeam = N672L2V5B7;
						ProvisioningStyle = Automatic;
					};
				};
			};
			buildConfigurationList = 372DB7A51DF582B500047C2B /* Build configuration list for PBXProject "HexViewDemo" */;
			compatibilityVersion = "Xcode 3.2";
			developmentRegion = English;
			hasScannedForEncodings = 0;
			knownRegions = (
				en,
				Base,
			);
			mainGroup = 372DB7A11DF582B500047C2B;
			productRefGroup = 372DB7AB1DF582B600047C2B /* Products */;
			projectDirPath = "";
			projectRoot = "";
			targets = (
				372DB7A91DF582B600047C2B /* HexViewDemo */,
			);
		};
/* End PBXProject section */

/* Begin PBXResourcesBuildPhase section */
		372DB7A81DF582B600047C2B /* Resources */ = {
			isa = PBXResourcesBuildPhase;
			buildActionMask = 2147483647;
			files = (
				372DB7B81DF582B600047C2B /* LaunchScreen.storyboard in Resources */,
				372DB7B51DF582B600047C2B /* Assets.xcassets in Resources */,
				372DB7B31DF582B600047C2B /* Main.storyboard in Resources */,
			);
			runOnlyForDeploymentPostprocessing = 0;
		};
/* End PBXResourcesBuildPhase section */

/* Begin PBXSourcesBuildPhase section */
		372DB7A61DF582B600047C2B /* Sources */ = {
			isa = PBXSourcesBuildPhase;
			buildActionMask = 2147483647;
			files = (
				372DB7B01DF582B600047C2B /* ViewController.swift in Sources */,
				372DB7AE1DF582B600047C2B /* AppDelegate.swift in Sources */,
			);
			runOnlyForDeploymentPostprocessing = 0;
		};
/* End PBXSourcesBuildPhase section */

/* Begin PBXVariantGroup section */
		372DB7B11DF582B600047C2B /* Main.storyboard */ = {
			isa = PBXVariantGroup;
			children = (
				372DB7B21DF582B600047C2B /* Base */,
			);
			name = Main.storyboard;
			sourceTree = "<group>";
		};
		372DB7B61DF582B600047C2B /* LaunchScreen.storyboard */ = {
			isa = PBXVariantGroup;
			children = (
				372DB7B71DF582B600047C2B /* Base */,
			);
			name = LaunchScreen.storyboard;
			sourceTree = "<group>";
		};
/* End PBXVariantGroup section */

/* Begin XCBuildConfiguration section */
		372DB7BA1DF582B600047C2B /* Debug */ = {
			isa = XCBuildConfiguration;
			buildSettings = {
				ALWAYS_SEARCH_USER_PATHS = NO;
				CLANG_ANALYZER_NONNULL = YES;
				CLANG_CXX_LANGUAGE_STANDARD = "gnu++0x";
				CLANG_CXX_LIBRARY = "libc++";
				CLANG_ENABLE_MODULES = YES;
				CLANG_ENABLE_OBJC_ARC = YES;
				CLANG_WARN_BOOL_CONVERSION = YES;
				CLANG_WARN_CONSTANT_CONVERSION = YES;
				CLANG_WARN_DIRECT_OBJC_ISA_USAGE = YES_ERROR;
				CLANG_WARN_DOCUMENTATION_COMMENTS = YES;
				CLANG_WARN_EMPTY_BODY = YES;
				CLANG_WARN_ENUM_CONVERSION = YES;
				CLANG_WARN_INFINITE_RECURSION = YES;
				CLANG_WARN_INT_CONVERSION = YES;
				CLANG_WARN_OBJC_ROOT_CLASS = YES_ERROR;
				CLANG_WARN_SUSPICIOUS_MOVES = YES;
				CLANG_WARN_UNREACHABLE_CODE = YES;
				CLANG_WARN__DUPLICATE_METHOD_MATCH = YES;
				"CODE_SIGN_IDENTITY[sdk=iphoneos*]" = "iPhone Developer";
				COPY_PHASE_STRIP = NO;
				DEBUG_INFORMATION_FORMAT = dwarf;
				ENABLE_STRICT_OBJC_MSGSEND = YES;
				ENABLE_TESTABILITY = YES;
				GCC_C_LANGUAGE_STANDARD = gnu99;
				GCC_DYNAMIC_NO_PIC = NO;
				GCC_NO_COMMON_BLOCKS = YES;
				GCC_OPTIMIZATION_LEVEL = 0;
				GCC_PREPROCESSOR_DEFINITIONS = (
					"DEBUG=1",
					"$(inherited)",
				);
				GCC_WARN_64_TO_32_BIT_CONVERSION = YES;
				GCC_WARN_ABOUT_RETURN_TYPE = YES_ERROR;
				GCC_WARN_UNDECLARED_SELECTOR = YES;
				GCC_WARN_UNINITIALIZED_AUTOS = YES_AGGRESSIVE;
				GCC_WARN_UNUSED_FUNCTION = YES;
				GCC_WARN_UNUSED_VARIABLE = YES;
				IPHONEOS_DEPLOYMENT_TARGET = 10.0;
				MTL_ENABLE_DEBUG_INFO = YES;
				ONLY_ACTIVE_ARCH = YES;
				SDKROOT = iphoneos;
				SWIFT_ACTIVE_COMPILATION_CONDITIONS = DEBUG;
				SWIFT_OPTIMIZATION_LEVEL = "-Onone";
				TARGETED_DEVICE_FAMILY = "1,2";
			};
			name = Debug;
		};
		372DB7BB1DF582B600047C2B /* Release */ = {
			isa = XCBuildConfiguration;
			buildSettings = {
				ALWAYS_SEARCH_USER_PATHS = NO;
				CLANG_ANALYZER_NONNULL = YES;
				CLANG_CXX_LANGUAGE_STANDARD = "gnu++0x";
				CLANG_CXX_LIBRARY = "libc++";
				CLANG_ENABLE_MODULES = YES;
				CLANG_ENABLE_OBJC_ARC = YES;
				CLANG_WARN_BOOL_CONVERSION = YES;
				CLANG_WARN_CONSTANT_CONVERSION = YES;
				CLANG_WARN_DIRECT_OBJC_ISA_USAGE = YES_ERROR;
				CLANG_WARN_DOCUMENTATION_COMMENTS = YES;
				CLANG_WARN_EMPTY_BODY = YES;
				CLANG_WARN_ENUM_CONVERSION = YES;
				CLANG_WARN_INFINITE_RECURSION = YES;
				CLANG_WARN_INT_CONVERSION = YES;
				CLANG_WARN_OBJC_ROOT_CLASS = YES_ERROR;
				CLANG_WARN_SUSPICIOUS_MOVES = YES;
				CLANG_WARN_UNREACHABLE_CODE = YES;
				CLANG_WARN__DUPLICATE_METHOD_MATCH = YES;
				"CODE_SIGN_IDENTITY[sdk=iphoneos*]" = "iPhone Developer";
				COPY_PHASE_STRIP = NO;
				DEBUG_INFORMATION_FORMAT = "dwarf-with-dsym";
				ENABLE_NS_ASSERTIONS = NO;
				ENABLE_STRICT_OBJC_MSGSEND = YES;
				GCC_C_LANGUAGE_STANDARD = gnu99;
				GCC_NO_COMMON_BLOCKS = YES;
				GCC_WARN_64_TO_32_BIT_CONVERSION = YES;
				GCC_WARN_ABOUT_RETURN_TYPE = YES_ERROR;
				GCC_WARN_UNDECLARED_SELECTOR = YES;
				GCC_WARN_UNINITIALIZED_AUTOS = YES_AGGRESSIVE;
				GCC_WARN_UNUSED_FUNCTION = YES;
				GCC_WARN_UNUSED_VARIABLE = YES;
				IPHONEOS_DEPLOYMENT_TARGET = 10.0;
				MTL_ENABLE_DEBUG_INFO = NO;
				SDKROOT = iphoneos;
				SWIFT_OPTIMIZATION_LEVEL = "-Owholemodule";
				TARGETED_DEVICE_FAMILY = "1,2";
				VALIDATE_PRODUCT = YES;
			};
			name = Release;
		};
		372DB7BD1DF582B600047C2B /* Debug */ = {
			isa = XCBuildConfiguration;
			buildSettings = {
				ASSETCATALOG_COMPILER_APPICON_NAME = AppIcon;
				DEVELOPMENT_TEAM = N672L2V5B7;
				INFOPLIST_FILE = HexViewDemo/Info.plist;
				LD_RUNPATH_SEARCH_PATHS = "$(inherited) @executable_path/Frameworks";
				PRODUCT_BUNDLE_IDENTIFIER = com.vrat28.HexViewDemo;
				PRODUCT_NAME = "$(TARGET_NAME)";
				SWIFT_VERSION = 3.0;
			};
			name = Debug;
		};
		372DB7BE1DF582B600047C2B /* Release */ = {
			isa = XCBuildConfiguration;
			buildSettings = {
				ASSETCATALOG_COMPILER_APPICON_NAME = AppIcon;
				DEVELOPMENT_TEAM = N672L2V5B7;
				INFOPLIST_FILE = HexViewDemo/Info.plist;
				LD_RUNPATH_SEARCH_PATHS = "$(inherited) @executable_path/Frameworks";
				PRODUCT_BUNDLE_IDENTIFIER = com.vrat28.HexViewDemo;
				PRODUCT_NAME = "$(TARGET_NAME)";
				SWIFT_VERSION = 3.0;
			};
			name = Release;
		};
/* End XCBuildConfiguration section */

/* Begin XCConfigurationList section */
		372DB7A51DF582B500047C2B /* Build configuration list for PBXProject "HexViewDemo" */ = {
			isa = XCConfigurationList;
			buildConfigurations = (
				372DB7BA1DF582B600047C2B /* Debug */,
				372DB7BB1DF582B600047C2B /* Release */,
			);
			defaultConfigurationIsVisible = 0;
			defaultConfigurationName = Release;
		};
		372DB7BC1DF582B600047C2B /* Build configuration list for PBXNativeTarget "HexViewDemo" */ = {
			isa = XCConfigurationList;
			buildConfigurations = (
				372DB7BD1DF582B600047C2B /* Debug */,
				372DB7BE1DF582B600047C2B /* Release */,
			);
			defaultConfigurationIsVisible = 0;
		};
/* End XCConfigurationList section */
	};
	rootObject = 372DB7A21DF582B500047C2B /* Project object */;
}
